
Microsoft Visual Studio Solution File, Format Version 12.00
# Visual Studio 15
VisualStudioVersion = 15.0.28307.779
MinimumVisualStudioVersion = 10.0.40219.1
Project("{FAE04EC0-301F-11D3-BF4B-00C04F79EFBC}") = "DependencyInjection", "DependencyInjection\DependencyInjection.csproj", "{78C5D6C2-3E9F-4911-B417-B6647CFB604F}"
EndProject
Project("{FAE04EC0-301F-11D3-BF4B-00C04F79EFBC}") = "DependencyInjection.Tests", "DependencyInjection.Tests\DependencyInjection.Tests.csproj", "{AB7B48B3-42F1-4437-8240-C61960AD101B}"
EndProject
Global
	GlobalSection(SolutionConfigurationPlatforms) = preSolution
		Debug|Any CPU = Debug|Any CPU
		Release|Any CPU = Release|Any CPU
	EndGlobalSection
	GlobalSection(ProjectConfigurationPlatforms) = postSolution
		{78C5D6C2-3E9F-4911-B417-B6647CFB604F}.Debug|Any CPU.ActiveCfg = Debug|Any CPU
		{78C5D6C2-3E9F-4911-B417-B6647CFB604F}.Debug|Any CPU.Build.0 = Debug|Any CPU
		{78C5D6C2-3E9F-4911-B417-B6647CFB604F}.Release|Any CPU.ActiveCfg = Release|Any CPU
		{78C5D6C2-3E9F-4911-B417-B6647CFB604F}.Release|Any CPU.Build.0 = Release|Any CPU
		{AB7B48B3-42F1-4437-8240-C61960AD101B}.Debug|Any CPU.ActiveCfg = Debug|Any CPU
		{AB7B48B3-42F1-4437-8240-C61960AD101B}.Debug|Any CPU.Build.0 = Debug|Any CPU
		{AB7B48B3-42F1-4437-8240-C61960AD101B}.Release|Any CPU.ActiveCfg = Release|Any CPU
		{AB7B48B3-42F1-4437-8240-C61960AD101B}.Release|Any CPU.Build.0 = Release|Any CPU
	EndGlobalSection
	GlobalSection(SolutionProperties) = preSolution
		HideSolutionNode = FALSE
	EndGlobalSection
	GlobalSection(ExtensibilityGlobals) = postSolution
		SolutionGuid = {C9742FBD-940C-4DB0-9F48-4B5BE47CCA96}
	EndGlobalSection
EndGlobal
